
Microsoft Visual Studio Solution File, Format Version 12.00
# Visual Studio Version 16
VisualStudioVersion = 16.0.29123.88
MinimumVisualStudioVersion = 10.0.40219.1
Project("{FAE04EC0-301F-11D3-BF4B-00C04F79EFBC}") = "App3.Android", "App3\App3.Android\App3.Android.csproj", "{90EFCA6E-E3D6-489B-AA7F-81B1C502DF7E}"
EndProject
Project("{FAE04EC0-301F-11D3-BF4B-00C04F79EFBC}") = "App3", "App3\App3\App3.csproj", "{12178F0E-2AC0-416B-91ED-B4FC576FF9F6}"
EndProject
Global
	GlobalSection(SolutionConfigurationPlatforms) = preSolution
		Debug|Any CPU = Debug|Any CPU
		Release|Any CPU = Release|Any CPU
	EndGlobalSection
	GlobalSection(ProjectConfigurationPlatforms) = postSolution
		{90EFCA6E-E3D6-489B-AA7F-81B1C502DF7E}.Debug|Any CPU.ActiveCfg = Debug|Any CPU
		{90EFCA6E-E3D6-489B-AA7F-81B1C502DF7E}.Debug|Any CPU.Build.0 = Debug|Any CPU
		{90EFCA6E-E3D6-489B-AA7F-81B1C502DF7E}.Debug|Any CPU.Deploy.0 = Debug|Any CPU
		{90EFCA6E-E3D6-489B-AA7F-81B1C502DF7E}.Release|Any CPU.ActiveCfg = Release|Any CPU
		{90EFCA6E-E3D6-489B-AA7F-81B1C502DF7E}.Release|Any CPU.Build.0 = Release|Any CPU
		{90EFCA6E-E3D6-489B-AA7F-81B1C502DF7E}.Release|Any CPU.Deploy.0 = Release|Any CPU
		{12178F0E-2AC0-416B-91ED-B4FC576FF9F6}.Debug|Any CPU.ActiveCfg = Debug|Any CPU
		{12178F0E-2AC0-416B-91ED-B4FC576FF9F6}.Debug|Any CPU.Build.0 = Debug|Any CPU
		{12178F0E-2AC0-416B-91ED-B4FC576FF9F6}.Debug|Any CPU.Deploy.0 = Debug|Any CPU
		{12178F0E-2AC0-416B-91ED-B4FC576FF9F6}.Release|Any CPU.ActiveCfg = Release|Any CPU
		{12178F0E-2AC0-416B-91ED-B4FC576FF9F6}.Release|Any CPU.Build.0 = Release|Any CPU
		{12178F0E-2AC0-416B-91ED-B4FC576FF9F6}.Release|Any CPU.Deploy.0 = Release|Any CPU
	EndGlobalSection
	GlobalSection(SolutionProperties) = preSolution
		HideSolutionNode = FALSE
	EndGlobalSection
	GlobalSection(ExtensibilityGlobals) = postSolution
		SolutionGuid = {C6512D33-46A5-44A9-BB2F-44BBCD3821B0}
	EndGlobalSection
EndGlobal
